// !$*UTF8*$!
{
	archiveVersion = 1;
	classes = {
	};
	objectVersion = 48;
	objects = {

/* Begin PBXBuildFile section */
		57291B0F1F86A479009C7BEE /* AppDelegate.m in Sources */ = {isa = PBXBuildFile; fileRef = 57291B0E1F86A479009C7BEE /* AppDelegate.m */; };
		57291B111F86A479009C7BEE /* Assets.xcassets in Resources */ = {isa = PBXBuildFile; fileRef = 57291B101F86A479009C7BEE /* Assets.xcassets */; };
		57291B141F86A479009C7BEE /* MainMenu.xib in Resources */ = {isa = PBXBuildFile; fileRef = 57291B121F86A479009C7BEE /* MainMenu.xib */; };
		57291B171F86A479009C7BEE /* main.m in Sources */ = {isa = PBXBuildFile; fileRef = 57291B161F86A479009C7BEE /* main.m */; };
		57291B221F86A479009C7BEE /* EFIgyTests.m in Sources */ = {isa = PBXBuildFile; fileRef = 57291B211F86A479009C7BEE /* EFIgyTests.m */; };
		57291B2E1F86AC9C009C7BEE /* IOKit.framework in Frameworks */ = {isa = PBXBuildFile; fileRef = 57291B2D1F86AC9C009C7BEE /* IOKit.framework */; };
		57F9E1EE1FB8EF4F0033C6D3 /* QuartzCore.framework in Frameworks */ = {isa = PBXBuildFile; fileRef = 57F9E1ED1FB8EF410033C6D3 /* QuartzCore.framework */; };
		E7C9A9E0EF36ABA99A610CAE /* Pods_EFIgy.framework in Frameworks */ = {isa = PBXBuildFile; fileRef = 3C5DCF54285F6F23935B75CB /* Pods_EFIgy.framework */; };
/* End PBXBuildFile section */

/* Begin PBXContainerItemProxy section */
		57291B1E1F86A479009C7BEE /* PBXContainerItemProxy */ = {
			isa = PBXContainerItemProxy;
			containerPortal = 57291B021F86A479009C7BEE /* Project object */;
			proxyType = 1;
			remoteGlobalIDString = 57291B091F86A479009C7BEE;
			remoteInfo = EFIgy;
		};
/* End PBXContainerItemProxy section */

/* Begin PBXFileReference section */
		3C5DCF54285F6F23935B75CB /* Pods_EFIgy.framework */ = {isa = PBXFileReference; explicitFileType = wrapper.framework; includeInIndex = 0; path = Pods_EFIgy.framework; sourceTree = BUILT_PRODUCTS_DIR; };
		571A5A3E2305C12D006B8E53 /* Release.xcconfig */ = {isa = PBXFileReference; lastKnownFileType = text.xcconfig; path = Release.xcconfig; sourceTree = "<group>"; };
		57291B0A1F86A479009C7BEE /* EFIgy.app */ = {isa = PBXFileReference; explicitFileType = wrapper.application; includeInIndex = 0; path = EFIgy.app; sourceTree = BUILT_PRODUCTS_DIR; };
		57291B0D1F86A479009C7BEE /* AppDelegate.h */ = {isa = PBXFileReference; lastKnownFileType = sourcecode.c.h; path = AppDelegate.h; sourceTree = "<group>"; };
		57291B0E1F86A479009C7BEE /* AppDelegate.m */ = {isa = PBXFileReference; lastKnownFileType = sourcecode.c.objc; path = AppDelegate.m; sourceTree = "<group>"; };
		57291B101F86A479009C7BEE /* Assets.xcassets */ = {isa = PBXFileReference; lastKnownFileType = folder.assetcatalog; path = Assets.xcassets; sourceTree = "<group>"; };
		57291B131F86A479009C7BEE /* Base */ = {isa = PBXFileReference; lastKnownFileType = file.xib; name = Base; path = Base.lproj/MainMenu.xib; sourceTree = "<group>"; };
		57291B151F86A479009C7BEE /* Info.plist */ = {isa = PBXFileReference; lastKnownFileType = text.plist.xml; path = Info.plist; sourceTree = "<group>"; };
		57291B161F86A479009C7BEE /* main.m */ = {isa = PBXFileReference; lastKnownFileType = sourcecode.c.objc; path = main.m; sourceTree = "<group>"; };
		57291B181F86A479009C7BEE /* EFIgy.entitlements */ = {isa = PBXFileReference; lastKnownFileType = text.plist.entitlements; path = EFIgy.entitlements; sourceTree = "<group>"; };
		57291B1D1F86A479009C7BEE /* EFIgyTests.xctest */ = {isa = PBXFileReference; explicitFileType = wrapper.cfbundle; includeInIndex = 0; path = EFIgyTests.xctest; sourceTree = BUILT_PRODUCTS_DIR; };
		57291B211F86A479009C7BEE /* EFIgyTests.m */ = {isa = PBXFileReference; lastKnownFileType = sourcecode.c.objc; path = EFIgyTests.m; sourceTree = "<group>"; };
		57291B231F86A479009C7BEE /* Info.plist */ = {isa = PBXFileReference; lastKnownFileType = text.plist.xml; path = Info.plist; sourceTree = "<group>"; };
		57291B2D1F86AC9C009C7BEE /* IOKit.framework */ = {isa = PBXFileReference; lastKnownFileType = wrapper.framework; name = IOKit.framework; path = System/Library/Frameworks/IOKit.framework; sourceTree = SDKROOT; };
		57F9E1ED1FB8EF410033C6D3 /* QuartzCore.framework */ = {isa = PBXFileReference; lastKnownFileType = wrapper.framework; name = QuartzCore.framework; path = System/Library/Frameworks/QuartzCore.framework; sourceTree = SDKROOT; };
		63D2BBAA90E1CA98A4F37E6B /* Pods-EFIgy.release.xcconfig */ = {isa = PBXFileReference; includeInIndex = 1; lastKnownFileType = text.xcconfig; name = "Pods-EFIgy.release.xcconfig"; path = "Pods/Target Support Files/Pods-EFIgy/Pods-EFIgy.release.xcconfig"; sourceTree = "<group>"; };
		81C2F63B0504A7907B9D7066 /* Pods-EFIgy.debug.xcconfig */ = {isa = PBXFileReference; includeInIndex = 1; lastKnownFileType = text.xcconfig; name = "Pods-EFIgy.debug.xcconfig"; path = "Pods/Target Support Files/Pods-EFIgy/Pods-EFIgy.debug.xcconfig"; sourceTree = "<group>"; };
/* End PBXFileReference section */

/* Begin PBXFrameworksBuildPhase section */
		57291B071F86A479009C7BEE /* Frameworks */ = {
			isa = PBXFrameworksBuildPhase;
			buildActionMask = 2147483647;
			files = (
				57F9E1EE1FB8EF4F0033C6D3 /* QuartzCore.framework in Frameworks */,
				57291B2E1F86AC9C009C7BEE /* IOKit.framework in Frameworks */,
				E7C9A9E0EF36ABA99A610CAE /* Pods_EFIgy.framework in Frameworks */,
			);
			runOnlyForDeploymentPostprocessing = 0;
		};
		57291B1A1F86A479009C7BEE /* Frameworks */ = {
			isa = PBXFrameworksBuildPhase;
			buildActionMask = 2147483647;
			files = (
			);
			runOnlyForDeploymentPostprocessing = 0;
		};
/* End PBXFrameworksBuildPhase section */

/* Begin PBXGroup section */
		57291B011F86A479009C7BEE = {
			isa = PBXGroup;
			children = (
				571A5A3E2305C12D006B8E53 /* Release.xcconfig */,
				57291B0C1F86A479009C7BEE /* EFIgy */,
				57291B201F86A479009C7BEE /* EFIgyTests */,
				57291B0B1F86A479009C7BEE /* Products */,
				57291B2C1F86AC9C009C7BEE /* Frameworks */,
				8572E2EB70688A6EF82FA8FF /* Pods */,
			);
			sourceTree = "<group>";
		};
		57291B0B1F86A479009C7BEE /* Products */ = {
			isa = PBXGroup;
			children = (
				57291B0A1F86A479009C7BEE /* EFIgy.app */,
				57291B1D1F86A479009C7BEE /* EFIgyTests.xctest */,
			);
			name = Products;
			sourceTree = "<group>";
		};
		57291B0C1F86A479009C7BEE /* EFIgy */ = {
			isa = PBXGroup;
			children = (
				57291B0D1F86A479009C7BEE /* AppDelegate.h */,
				57291B0E1F86A479009C7BEE /* AppDelegate.m */,
				57291B101F86A479009C7BEE /* Assets.xcassets */,
				57291B121F86A479009C7BEE /* MainMenu.xib */,
				57291B151F86A479009C7BEE /* Info.plist */,
				57291B161F86A479009C7BEE /* main.m */,
				57291B181F86A479009C7BEE /* EFIgy.entitlements */,
			);
			path = EFIgy;
			sourceTree = "<group>";
		};
		57291B201F86A479009C7BEE /* EFIgyTests */ = {
			isa = PBXGroup;
			children = (
				57291B211F86A479009C7BEE /* EFIgyTests.m */,
				57291B231F86A479009C7BEE /* Info.plist */,
			);
			path = EFIgyTests;
			sourceTree = "<group>";
		};
		57291B2C1F86AC9C009C7BEE /* Frameworks */ = {
			isa = PBXGroup;
			children = (
				57F9E1ED1FB8EF410033C6D3 /* QuartzCore.framework */,
				57291B2D1F86AC9C009C7BEE /* IOKit.framework */,
				3C5DCF54285F6F23935B75CB /* Pods_EFIgy.framework */,
			);
			name = Frameworks;
			sourceTree = "<group>";
		};
		8572E2EB70688A6EF82FA8FF /* Pods */ = {
			isa = PBXGroup;
			children = (
				81C2F63B0504A7907B9D7066 /* Pods-EFIgy.debug.xcconfig */,
				63D2BBAA90E1CA98A4F37E6B /* Pods-EFIgy.release.xcconfig */,
			);
			name = Pods;
			sourceTree = "<group>";
		};
/* End PBXGroup section */

/* Begin PBXNativeTarget section */
		57291B091F86A479009C7BEE /* EFIgy */ = {
			isa = PBXNativeTarget;
			buildConfigurationList = 57291B261F86A47A009C7BEE /* Build configuration list for PBXNativeTarget "EFIgy" */;
			buildPhases = (
				E1D351456D47D1D538DFD9ED /* [CP] Check Pods Manifest.lock */,
				57291B061F86A479009C7BEE /* Sources */,
				57291B071F86A479009C7BEE /* Frameworks */,
				57291B081F86A479009C7BEE /* Resources */,
				B01B80882ACE63DE6E105B2C /* [CP] Embed Pods Frameworks */,
			);
			buildRules = (
			);
			dependencies = (
			);
			name = EFIgy;
			productName = EFIgy;
			productReference = 57291B0A1F86A479009C7BEE /* EFIgy.app */;
			productType = "com.apple.product-type.application";
		};
		57291B1C1F86A479009C7BEE /* EFIgyTests */ = {
			isa = PBXNativeTarget;
			buildConfigurationList = 57291B291F86A47A009C7BEE /* Build configuration list for PBXNativeTarget "EFIgyTests" */;
			buildPhases = (
				57291B191F86A479009C7BEE /* Sources */,
				57291B1A1F86A479009C7BEE /* Frameworks */,
				57291B1B1F86A479009C7BEE /* Resources */,
			);
			buildRules = (
			);
			dependencies = (
				57291B1F1F86A479009C7BEE /* PBXTargetDependency */,
			);
			name = EFIgyTests;
			productName = EFIgyTests;
			productReference = 57291B1D1F86A479009C7BEE /* EFIgyTests.xctest */;
			productType = "com.apple.product-type.bundle.unit-test";
		};
/* End PBXNativeTarget section */

/* Begin PBXProject section */
		57291B021F86A479009C7BEE /* Project object */ = {
			isa = PBXProject;
			attributes = {
				LastUpgradeCheck = 1030;
				ORGANIZATIONNAME = "Duo Security";
				TargetAttributes = {
					57291B091F86A479009C7BEE = {
						CreatedOnToolsVersion = 9.0;
						ProvisioningStyle = Automatic;
						SystemCapabilities = {
							com.apple.HardenedRuntime = {
								enabled = 1;
							};
						};
					};
					57291B1C1F86A479009C7BEE = {
						CreatedOnToolsVersion = 9.0;
						ProvisioningStyle = Automatic;
						TestTargetID = 57291B091F86A479009C7BEE;
					};
				};
			};
			buildConfigurationList = 57291B051F86A479009C7BEE /* Build configuration list for PBXProject "EFIgy" */;
			compatibilityVersion = "Xcode 8.0";
			developmentRegion = en;
			hasScannedForEncodings = 0;
			knownRegions = (
				en,
				Base,
			);
			mainGroup = 57291B011F86A479009C7BEE;
			productRefGroup = 57291B0B1F86A479009C7BEE /* Products */;
			projectDirPath = "";
			projectRoot = "";
			targets = (
				57291B091F86A479009C7BEE /* EFIgy */,
				57291B1C1F86A479009C7BEE /* EFIgyTests */,
			);
		};
/* End PBXProject section */

/* Begin PBXResourcesBuildPhase section */
		57291B081F86A479009C7BEE /* Resources */ = {
			isa = PBXResourcesBuildPhase;
			buildActionMask = 2147483647;
			files = (
				57291B111F86A479009C7BEE /* Assets.xcassets in Resources */,
				57291B141F86A479009C7BEE /* MainMenu.xib in Resources */,
			);
			runOnlyForDeploymentPostprocessing = 0;
		};
		57291B1B1F86A479009C7BEE /* Resources */ = {
			isa = PBXResourcesBuildPhase;
			buildActionMask = 2147483647;
			files = (
			);
			runOnlyForDeploymentPostprocessing = 0;
		};
/* End PBXResourcesBuildPhase section */

/* Begin PBXShellScriptBuildPhase section */
		B01B80882ACE63DE6E105B2C /* [CP] Embed Pods Frameworks */ = {
			isa = PBXShellScriptBuildPhase;
			buildActionMask = 2147483647;
			files = (
			);
			inputPaths = (
				"${PODS_ROOT}/Target Support Files/Pods-EFIgy/Pods-EFIgy-frameworks.sh",
				"${BUILT_PRODUCTS_DIR}/LetsMove/LetsMove.framework",
				"${PODS_ROOT}/Sparkle/Sparkle.framework",
				"${PODS_ROOT}/Sparkle/Sparkle.framework.dSYM",
			);
			name = "[CP] Embed Pods Frameworks";
			outputPaths = (
				"${TARGET_BUILD_DIR}/${FRAMEWORKS_FOLDER_PATH}/LetsMove.framework",
				"${TARGET_BUILD_DIR}/${FRAMEWORKS_FOLDER_PATH}/Sparkle.framework",
				"${DWARF_DSYM_FOLDER_PATH}/Sparkle.framework.dSYM",
			);
			runOnlyForDeploymentPostprocessing = 0;
			shellPath = /bin/sh;
			shellScript = "\"${PODS_ROOT}/Target Support Files/Pods-EFIgy/Pods-EFIgy-frameworks.sh\"\n";
			showEnvVarsInLog = 0;
		};
		E1D351456D47D1D538DFD9ED /* [CP] Check Pods Manifest.lock */ = {
			isa = PBXShellScriptBuildPhase;
			buildActionMask = 2147483647;
			files = (
			);
			inputPaths = (
				"${PODS_PODFILE_DIR_PATH}/Podfile.lock",
				"${PODS_ROOT}/Manifest.lock",
			);
			name = "[CP] Check Pods Manifest.lock";
			outputPaths = (
				"$(DERIVED_FILE_DIR)/Pods-EFIgy-checkManifestLockResult.txt",
			);
			runOnlyForDeploymentPostprocessing = 0;
			shellPath = /bin/sh;
			shellScript = "diff \"${PODS_PODFILE_DIR_PATH}/Podfile.lock\" \"${PODS_ROOT}/Manifest.lock\" > /dev/null\nif [ $? != 0 ] ; then\n    # print error to STDERR\n    echo \"error: The sandbox is not in sync with the Podfile.lock. Run 'pod install' or update your CocoaPods installation.\" >&2\n    exit 1\nfi\n# This output is used by Xcode 'outputs' to avoid re-running this script phase.\necho \"SUCCESS\" > \"${SCRIPT_OUTPUT_FILE_0}\"\n";
			showEnvVarsInLog = 0;
		};
/* End PBXShellScriptBuildPhase section */

/* Begin PBXSourcesBuildPhase section */
		57291B061F86A479009C7BEE /* Sources */ = {
			isa = PBXSourcesBuildPhase;
			buildActionMask = 2147483647;
			files = (
				57291B171F86A479009C7BEE /* main.m in Sources */,
				57291B0F1F86A479009C7BEE /* AppDelegate.m in Sources */,
			);
			runOnlyForDeploymentPostprocessing = 0;
		};
		57291B191F86A479009C7BEE /* Sources */ = {
			isa = PBXSourcesBuildPhase;
			buildActionMask = 2147483647;
			files = (
				57291B221F86A479009C7BEE /* EFIgyTests.m in Sources */,
			);
			runOnlyForDeploymentPostprocessing = 0;
		};
/* End PBXSourcesBuildPhase section */

/* Begin PBXTargetDependency section */
		57291B1F1F86A479009C7BEE /* PBXTargetDependency */ = {
			isa = PBXTargetDependency;
			target = 57291B091F86A479009C7BEE /* EFIgy */;
			targetProxy = 57291B1E1F86A479009C7BEE /* PBXContainerItemProxy */;
		};
/* End PBXTargetDependency section */

/* Begin PBXVariantGroup section */
		57291B121F86A479009C7BEE /* MainMenu.xib */ = {
			isa = PBXVariantGroup;
			children = (
				57291B131F86A479009C7BEE /* Base */,
			);
			name = MainMenu.xib;
			sourceTree = "<group>";
		};
/* End PBXVariantGroup section */

/* Begin XCBuildConfiguration section */
		57291B241F86A479009C7BEE /* Debug */ = {
			isa = XCBuildConfiguration;
			buildSettings = {
				ALWAYS_SEARCH_USER_PATHS = NO;
				CLANG_ANALYZER_NONNULL = YES;
				CLANG_ANALYZER_NUMBER_OBJECT_CONVERSION = YES_AGGRESSIVE;
				CLANG_CXX_LANGUAGE_STANDARD = "gnu++14";
				CLANG_CXX_LIBRARY = "libc++";
				CLANG_ENABLE_MODULES = YES;
				CLANG_ENABLE_OBJC_ARC = YES;
				CLANG_WARN_BLOCK_CAPTURE_AUTORELEASING = YES;
				CLANG_WARN_BOOL_CONVERSION = YES;
				CLANG_WARN_COMMA = YES;
				CLANG_WARN_CONSTANT_CONVERSION = YES;
				CLANG_WARN_DEPRECATED_OBJC_IMPLEMENTATIONS = YES;
				CLANG_WARN_DIRECT_OBJC_ISA_USAGE = YES_ERROR;
				CLANG_WARN_DOCUMENTATION_COMMENTS = YES;
				CLANG_WARN_EMPTY_BODY = YES;
				CLANG_WARN_ENUM_CONVERSION = YES;
				CLANG_WARN_INFINITE_RECURSION = YES;
				CLANG_WARN_INT_CONVERSION = YES;
				CLANG_WARN_NON_LITERAL_NULL_CONVERSION = YES;
				CLANG_WARN_OBJC_IMPLICIT_RETAIN_SELF = YES;
				CLANG_WARN_OBJC_LITERAL_CONVERSION = YES;
				CLANG_WARN_OBJC_ROOT_CLASS = YES_ERROR;
				CLANG_WARN_RANGE_LOOP_ANALYSIS = YES;
				CLANG_WARN_STRICT_PROTOTYPES = YES;
				CLANG_WARN_SUSPICIOUS_MOVE = YES;
				CLANG_WARN_UNGUARDED_AVAILABILITY = YES_AGGRESSIVE;
				CLANG_WARN_UNREACHABLE_CODE = YES;
				CLANG_WARN__DUPLICATE_METHOD_MATCH = YES;
				CODE_SIGN_IDENTITY = "-";
				COPY_PHASE_STRIP = NO;
				DEBUG_INFORMATION_FORMAT = dwarf;
				ENABLE_STRICT_OBJC_MSGSEND = YES;
				ENABLE_TESTABILITY = YES;
				GCC_C_LANGUAGE_STANDARD = gnu11;
				GCC_DYNAMIC_NO_PIC = NO;
				GCC_NO_COMMON_BLOCKS = YES;
				GCC_OPTIMIZATION_LEVEL = 0;
				GCC_PREPROCESSOR_DEFINITIONS = (
					"DEBUG=1",
					"$(inherited)",
				);
				GCC_WARN_64_TO_32_BIT_CONVERSION = YES;
				GCC_WARN_ABOUT_RETURN_TYPE = YES_ERROR;
				GCC_WARN_UNDECLARED_SELECTOR = YES;
				GCC_WARN_UNINITIALIZED_AUTOS = YES_AGGRESSIVE;
				GCC_WARN_UNUSED_FUNCTION = YES;
				GCC_WARN_UNUSED_VARIABLE = YES;
				MACOSX_DEPLOYMENT_TARGET = 10.12;
				MTL_ENABLE_DEBUG_INFO = YES;
				ONLY_ACTIVE_ARCH = YES;
				SDKROOT = macosx;
			};
			name = Debug;
		};
		57291B251F86A479009C7BEE /* Release */ = {
			isa = XCBuildConfiguration;
			buildSettings = {
				ALWAYS_SEARCH_USER_PATHS = NO;
				CLANG_ANALYZER_NONNULL = YES;
				CLANG_ANALYZER_NUMBER_OBJECT_CONVERSION = YES_AGGRESSIVE;
				CLANG_CXX_LANGUAGE_STANDARD = "gnu++14";
				CLANG_CXX_LIBRARY = "libc++";
				CLANG_ENABLE_MODULES = YES;
				CLANG_ENABLE_OBJC_ARC = YES;
				CLANG_WARN_BLOCK_CAPTURE_AUTORELEASING = YES;
				CLANG_WARN_BOOL_CONVERSION = YES;
				CLANG_WARN_COMMA = YES;
				CLANG_WARN_CONSTANT_CONVERSION = YES;
				CLANG_WARN_DEPRECATED_OBJC_IMPLEMENTATIONS = YES;
				CLANG_WARN_DIRECT_OBJC_ISA_USAGE = YES_ERROR;
				CLANG_WARN_DOCUMENTATION_COMMENTS = YES;
				CLANG_WARN_EMPTY_BODY = YES;
				CLANG_WARN_ENUM_CONVERSION = YES;
				CLANG_WARN_INFINITE_RECURSION = YES;
				CLANG_WARN_INT_CONVERSION = YES;
				CLANG_WARN_NON_LITERAL_NULL_CONVERSION = YES;
				CLANG_WARN_OBJC_IMPLICIT_RETAIN_SELF = YES;
				CLANG_WARN_OBJC_LITERAL_CONVERSION = YES;
				CLANG_WARN_OBJC_ROOT_CLASS = YES_ERROR;
				CLANG_WARN_RANGE_LOOP_ANALYSIS = YES;
				CLANG_WARN_STRICT_PROTOTYPES = YES;
				CLANG_WARN_SUSPICIOUS_MOVE = YES;
				CLANG_WARN_UNGUARDED_AVAILABILITY = YES_AGGRESSIVE;
				CLANG_WARN_UNREACHABLE_CODE = YES;
				CLANG_WARN__DUPLICATE_METHOD_MATCH = YES;
				CODE_SIGN_IDENTITY = "-";
				COPY_PHASE_STRIP = NO;
				DEBUG_INFORMATION_FORMAT = "dwarf-with-dsym";
				ENABLE_NS_ASSERTIONS = NO;
				ENABLE_STRICT_OBJC_MSGSEND = YES;
				GCC_C_LANGUAGE_STANDARD = gnu11;
				GCC_NO_COMMON_BLOCKS = YES;
				GCC_WARN_64_TO_32_BIT_CONVERSION = YES;
				GCC_WARN_ABOUT_RETURN_TYPE = YES_ERROR;
				GCC_WARN_UNDECLARED_SELECTOR = YES;
				GCC_WARN_UNINITIALIZED_AUTOS = YES_AGGRESSIVE;
				GCC_WARN_UNUSED_FUNCTION = YES;
				GCC_WARN_UNUSED_VARIABLE = YES;
				MACOSX_DEPLOYMENT_TARGET = 10.12;
				MTL_ENABLE_DEBUG_INFO = NO;
				SDKROOT = macosx;
			};
			name = Release;
		};
		57291B271F86A47A009C7BEE /* Debug */ = {
			isa = XCBuildConfiguration;
			baseConfigurationReference = 81C2F63B0504A7907B9D7066 /* Pods-EFIgy.debug.xcconfig */;
			buildSettings = {
				ASSETCATALOG_COMPILER_APPICON_NAME = AppIcon;
				CODE_SIGN_ENTITLEMENTS = EFIgy/EFIgy.entitlements;
				CODE_SIGN_IDENTITY = "Mac Developer";
				CODE_SIGN_STYLE = Automatic;
				COMBINE_HIDPI_IMAGES = YES;
				DEVELOPMENT_TEAM = FNN8Z5JMFP;
				ENABLE_HARDENED_RUNTIME = YES;
				INFOPLIST_FILE = EFIgy/Info.plist;
				LD_RUNPATH_SEARCH_PATHS = "$(inherited) @executable_path/../Frameworks";
				PRODUCT_BUNDLE_IDENTIFIER = com.duosecurity.EFIgy;
				PRODUCT_NAME = "$(TARGET_NAME)";
				PROVISIONING_PROFILE_SPECIFIER = "";
			};
			name = Debug;
		};
		57291B281F86A47A009C7BEE /* Release */ = {
			isa = XCBuildConfiguration;
			baseConfigurationReference = 63D2BBAA90E1CA98A4F37E6B /* Pods-EFIgy.release.xcconfig */;
			buildSettings = {
				ASSETCATALOG_COMPILER_APPICON_NAME = AppIcon;
				CODE_SIGN_ENTITLEMENTS = EFIgy/EFIgy.entitlements;
				CODE_SIGN_IDENTITY = "Mac Developer";
				CODE_SIGN_STYLE = Automatic;
				COMBINE_HIDPI_IMAGES = YES;
				DEVELOPMENT_TEAM = FNN8Z5JMFP;
				ENABLE_HARDENED_RUNTIME = YES;
				INFOPLIST_FILE = EFIgy/Info.plist;
				LD_RUNPATH_SEARCH_PATHS = "$(inherited) @executable_path/../Frameworks";
				PRODUCT_BUNDLE_IDENTIFIER = com.duosecurity.EFIgy;
				PRODUCT_NAME = "$(TARGET_NAME)";
				PROVISIONING_PROFILE_SPECIFIER = "";
			};
			name = Release;
		};
		57291B2A1F86A47A009C7BEE /* Debug */ = {
			isa = XCBuildConfiguration;
			buildSettings = {
				BUNDLE_LOADER = "$(TEST_HOST)";
				CODE_SIGN_STYLE = Automatic;
				COMBINE_HIDPI_IMAGES = YES;
				INFOPLIST_FILE = EFIgyTests/Info.plist;
				LD_RUNPATH_SEARCH_PATHS = "$(inherited) @executable_path/../Frameworks @loader_path/../Frameworks";
				PRODUCT_BUNDLE_IDENTIFIER = com.duosecurity.EFIgyTests;
				PRODUCT_NAME = "$(TARGET_NAME)";
				TEST_HOST = "$(BUILT_PRODUCTS_DIR)/EFIgy.app/Contents/MacOS/EFIgy";
			};
			name = Debug;
		};
		57291B2B1F86A47A009C7BEE /* Release */ = {
			isa = XCBuildConfiguration;
			buildSettings = {
				BUNDLE_LOADER = "$(TEST_HOST)";
				CODE_SIGN_STYLE = Automatic;
				COMBINE_HIDPI_IMAGES = YES;
				INFOPLIST_FILE = EFIgyTests/Info.plist;
				LD_RUNPATH_SEARCH_PATHS = "$(inherited) @executable_path/../Frameworks @loader_path/../Frameworks";
				PRODUCT_BUNDLE_IDENTIFIER = com.duosecurity.EFIgyTests;
				PRODUCT_NAME = "$(TARGET_NAME)";
				TEST_HOST = "$(BUILT_PRODUCTS_DIR)/EFIgy.app/Contents/MacOS/EFIgy";
			};
			name = Release;
		};
/* End XCBuildConfiguration section */

/* Begin XCConfigurationList section */
		57291B051F86A479009C7BEE /* Build configuration list for PBXProject "EFIgy" */ = {
			isa = XCConfigurationList;
			buildConfigurations = (
				57291B241F86A479009C7BEE /* Debug */,
				57291B251F86A479009C7BEE /* Release */,
			);
			defaultConfigurationIsVisible = 0;
			defaultConfigurationName = Release;
		};
		57291B261F86A47A009C7BEE /* Build configuration list for PBXNativeTarget "EFIgy" */ = {
			isa = XCConfigurationList;
			buildConfigurations = (
				57291B271F86A47A009C7BEE /* Debug */,
				57291B281F86A47A009C7BEE /* Release */,
			);
			defaultConfigurationIsVisible = 0;
			defaultConfigurationName = Release;
		};
		57291B291F86A47A009C7BEE /* Build configuration list for PBXNativeTarget "EFIgyTests" */ = {
			isa = XCConfigurationList;
			buildConfigurations = (
				57291B2A1F86A47A009C7BEE /* Debug */,
				57291B2B1F86A47A009C7BEE /* Release */,
			);
			defaultConfigurationIsVisible = 0;
			defaultConfigurationName = Release;
		};
/* End XCConfigurationList section */
	};
	rootObject = 57291B021F86A479009C7BEE /* Project object */;
}
